
Microsoft Visual Studio Solution File, Format Version 12.00
# Visual Studio Version 16
VisualStudioVersion = 16.0.30413.136
MinimumVisualStudioVersion = 10.0.40219.1
Project("{FAE04EC0-301F-11D3-BF4B-00C04F79EFBC}") = "BaseClocks", "BaseClocks\BaseClocks.csproj", "{2D70CD30-E213-47FE-A50A-623A1631D9A2}"
EndProject
Project("{FAE04EC0-301F-11D3-BF4B-00C04F79EFBC}") = "BaseClocks_BZ", "BaseClocks_BZ\BaseClocks_BZ.csproj", "{B2959F52-58F3-4003-A6D9-F18428B1C8C2}"
EndProject
Global
	GlobalSection(SolutionConfigurationPlatforms) = preSolution
		Debug|Any CPU = Debug|Any CPU
		Release|Any CPU = Release|Any CPU
	EndGlobalSection
	GlobalSection(ProjectConfigurationPlatforms) = postSolution
		{2D70CD30-E213-47FE-A50A-623A1631D9A2}.Debug|Any CPU.ActiveCfg = Debug|Any CPU
		{2D70CD30-E213-47FE-A50A-623A1631D9A2}.Debug|Any CPU.Build.0 = Debug|Any CPU
		{2D70CD30-E213-47FE-A50A-623A1631D9A2}.Release|Any CPU.ActiveCfg = Release|Any CPU
		{2D70CD30-E213-47FE-A50A-623A1631D9A2}.Release|Any CPU.Build.0 = Release|Any CPU
		{B2959F52-58F3-4003-A6D9-F18428B1C8C2}.Debug|Any CPU.ActiveCfg = Debug|Any CPU
		{B2959F52-58F3-4003-A6D9-F18428B1C8C2}.Debug|Any CPU.Build.0 = Debug|Any CPU
		{B2959F52-58F3-4003-A6D9-F18428B1C8C2}.Release|Any CPU.ActiveCfg = Release|Any CPU
		{B2959F52-58F3-4003-A6D9-F18428B1C8C2}.Release|Any CPU.Build.0 = Release|Any CPU
	EndGlobalSection
	GlobalSection(SolutionProperties) = preSolution
		HideSolutionNode = FALSE
	EndGlobalSection
	GlobalSection(ExtensibilityGlobals) = postSolution
		SolutionGuid = {501665D3-574F-41C1-A86A-A9531E42E90F}
	EndGlobalSection
EndGlobal
